
Microsoft Visual Studio Solution File, Format Version 12.00
# Visual Studio Version 16
VisualStudioVersion = 16.0.31911.196
MinimumVisualStudioVersion = 10.0.40219.1
Project("{FAE04EC0-301F-11D3-BF4B-00C04F79EFBC}") = "OOP9", "OOP9.csproj", "{435DC3BD-6B12-4E69-ABFA-264DDFEE3CD1}"
EndProject
Global
	GlobalSection(SolutionConfigurationPlatforms) = preSolution
		Debug|Any CPU = Debug|Any CPU
		Release|Any CPU = Release|Any CPU
	EndGlobalSection
	GlobalSection(ProjectConfigurationPlatforms) = postSolution
		{435DC3BD-6B12-4E69-ABFA-264DDFEE3CD1}.Debug|Any CPU.ActiveCfg = Debug|Any CPU
		{435DC3BD-6B12-4E69-ABFA-264DDFEE3CD1}.Debug|Any CPU.Build.0 = Debug|Any CPU
		{435DC3BD-6B12-4E69-ABFA-264DDFEE3CD1}.Release|Any CPU.ActiveCfg = Release|Any CPU
		{435DC3BD-6B12-4E69-ABFA-264DDFEE3CD1}.Release|Any CPU.Build.0 = Release|Any CPU
	EndGlobalSection
	GlobalSection(SolutionProperties) = preSolution
		HideSolutionNode = FALSE
	EndGlobalSection
	GlobalSection(ExtensibilityGlobals) = postSolution
		SolutionGuid = {133F5AF7-9238-40F0-B39D-280D89915AD4}
	EndGlobalSection
EndGlobal
